{
  "nodes": {
    "ninjaone": {
      "inputs": {
        "nixpkgs": "nixpkgs"
      },
      "locked": {
        "lastModified": 1779199008,
        "narHash": "sha256-GngBsaeimqKx0UBy7K+hhgsG9BkXkUzC4eNgGo0REes=",
        "owner": "4thehalibit",
        "repo": "ninjaone-nixos",
        "rev": "7167657435927b32e4210b6241f902a8af82d62b",
        "type": "github"
      },
      "original": {
        "owner": "4thehalibit",
        "repo": "ninjaone-nixos",
        "type": "github"
      }
    },
    "nixpkgs": {
      "locked": {
        "lastModified": 1779198640,
        "narHash": "sha256-lcrNgMTC3ubNgZs6csp1wy9w16RToifd0u1qRXi8e+I=",
        "owner": "nixos",
        "repo": "nixpkgs",
        "rev": "8cd8ee769a1acfbae84cb6d18fd2717c1afca2e1",
        "type": "github"
      },
      "original": {
        "owner": "nixos",
        "ref": "master",
        "repo": "nixpkgs",
        "type": "github"
      }
    },
    "nixpkgs_2": {
      "locked": {
        "lastModified": 1777664919,
        "narHash": "sha256-bVkUEPMpfWfBV0qXkWbdVtfgM+e9CF/z61IufwvmQXc=",
        "owner": "nixos",
        "repo": "nixpkgs",
        "rev": "0ce6ccb30fce33e82295f7462d3894f791230dfd",
        "type": "github"
      },
      "original": {
        "owner": "nixos",
        "ref": "master",
        "repo": "nixpkgs",
        "type": "github"
      }
    },
    "root": {
      "inputs": {
        "ninjaone": "ninjaone",
        "nixpkgs": "nixpkgs_2"
      }
    }
  },
  "root": "root",
  "version": 7
}
