{
  "nodes": {
    "ninjaone": {
      "inputs": {
        "nixpkgs": "nixpkgs"
      },
      "locked": {
        "lastModified": 1784226414,
        "narHash": "sha256-BG89YQes6+xMOTWP17dVO6dwx/h9lt73yM2Bozvp4hw=",
        "owner": "4thehalibit",
        "repo": "ninjaone-nixos",
        "rev": "5c2fbccd39a97c79520607a92b61b0c92e1b559d",
        "type": "github"
      },
      "original": {
        "owner": "4thehalibit",
        "repo": "ninjaone-nixos",
        "type": "github"
      }
    },
    "nixpkgs": {
      "locked": {
        "lastModified": 1784225760,
        "narHash": "sha256-1cZ72vwfdhEQyjeZV5HEl5ivnUO3Yt+J0GyU2Mn2cps=",
        "owner": "nixos",
        "repo": "nixpkgs",
        "rev": "ab571fccdd139095f795cb8daee373b4d1dc8825",
        "type": "github"
      },
      "original": {
        "owner": "nixos",
        "ref": "master",
        "repo": "nixpkgs",
        "type": "github"
      }
    },
    "nixpkgs_2": {
      "locked": {
        "lastModified": 1777664919,
        "narHash": "sha256-bVkUEPMpfWfBV0qXkWbdVtfgM+e9CF/z61IufwvmQXc=",
        "owner": "nixos",
        "repo": "nixpkgs",
        "rev": "0ce6ccb30fce33e82295f7462d3894f791230dfd",
        "type": "github"
      },
      "original": {
        "owner": "nixos",
        "ref": "master",
        "repo": "nixpkgs",
        "type": "github"
      }
    },
    "root": {
      "inputs": {
        "ninjaone": "ninjaone",
        "nixpkgs": "nixpkgs_2"
      }
    }
  },
  "root": "root",
  "version": 7
}
